
Microsoft Visual Studio Solution File, Format Version 12.00
# Visual Studio Version 17
VisualStudioVersion = 17.4.33213.308
MinimumVisualStudioVersion = 10.0.40219.1
Project("{9A19103F-16F7-4668-BE54-9A1E7A4F7556}") = "projet-encan", "projet-encan\projet-encan.csproj", "{66183D52-2C8A-4307-8626-1ED97E813287}"
EndProject
Project("{FAE04EC0-301F-11D3-BF4B-00C04F79EFBC}") = "Encan_Services", "Encan_Services\Encan_Services.csproj", "{EB106F2A-C509-4736-B248-19F6C808B82A}"
EndProject
Project("{FAE04EC0-301F-11D3-BF4B-00C04F79EFBC}") = "Ancan_Context_Service", "Ancan_Context_Service\Ancan_Context_Service.csproj", "{7E169BAA-EADF-46EB-87DE-8A27F07B841C}"
EndProject
Global
	GlobalSection(SolutionConfigurationPlatforms) = preSolution
		Debug|Any CPU = Debug|Any CPU
		Release|Any CPU = Release|Any CPU
	EndGlobalSection
	GlobalSection(ProjectConfigurationPlatforms) = postSolution
		{66183D52-2C8A-4307-8626-1ED97E813287}.Debug|Any CPU.ActiveCfg = Debug|Any CPU
		{66183D52-2C8A-4307-8626-1ED97E813287}.Debug|Any CPU.Build.0 = Debug|Any CPU
		{66183D52-2C8A-4307-8626-1ED97E813287}.Release|Any CPU.ActiveCfg = Release|Any CPU
		{66183D52-2C8A-4307-8626-1ED97E813287}.Release|Any CPU.Build.0 = Release|Any CPU
		{EB106F2A-C509-4736-B248-19F6C808B82A}.Debug|Any CPU.ActiveCfg = Debug|Any CPU
		{EB106F2A-C509-4736-B248-19F6C808B82A}.Debug|Any CPU.Build.0 = Debug|Any CPU
		{EB106F2A-C509-4736-B248-19F6C808B82A}.Release|Any CPU.ActiveCfg = Release|Any CPU
		{EB106F2A-C509-4736-B248-19F6C808B82A}.Release|Any CPU.Build.0 = Release|Any CPU
		{7E169BAA-EADF-46EB-87DE-8A27F07B841C}.Debug|Any CPU.ActiveCfg = Debug|Any CPU
		{7E169BAA-EADF-46EB-87DE-8A27F07B841C}.Debug|Any CPU.Build.0 = Debug|Any CPU
		{7E169BAA-EADF-46EB-87DE-8A27F07B841C}.Release|Any CPU.ActiveCfg = Release|Any CPU
		{7E169BAA-EADF-46EB-87DE-8A27F07B841C}.Release|Any CPU.Build.0 = Release|Any CPU
	EndGlobalSection
	GlobalSection(SolutionProperties) = preSolution
		HideSolutionNode = FALSE
	EndGlobalSection
	GlobalSection(ExtensibilityGlobals) = postSolution
		SolutionGuid = {4E980B78-15B5-4040-888A-FE2C3259E39D}
	EndGlobalSection
EndGlobal
